
Microsoft Visual Studio Solution File, Format Version 12.00
# Visual Studio 2012
Project("{FAE04EC0-301F-11D3-BF4B-00C04F79EFBC}") = "Project-Euler", "Project-Euler\Project-Euler.csproj", "{E53966E7-2F67-468E-8837-3908666DADA2}"
EndProject
Project("{2150E333-8FDC-42A3-9474-1A3956D46DE8}") = "Solution Items", "Solution Items", "{7E52A7E7-3297-422C-9A55-17F6CDCCA6A1}"
	ProjectSection(SolutionItems) = preProject
		README.md = README.md
	EndProjectSection
EndProject
Global
	GlobalSection(SolutionConfigurationPlatforms) = preSolution
		Debug|Any CPU = Debug|Any CPU
		Release|Any CPU = Release|Any CPU
	EndGlobalSection
	GlobalSection(ProjectConfigurationPlatforms) = postSolution
		{E53966E7-2F67-468E-8837-3908666DADA2}.Debug|Any CPU.ActiveCfg = Debug|Any CPU
		{E53966E7-2F67-468E-8837-3908666DADA2}.Debug|Any CPU.Build.0 = Debug|Any CPU
		{E53966E7-2F67-468E-8837-3908666DADA2}.Release|Any CPU.ActiveCfg = Release|Any CPU
		{E53966E7-2F67-468E-8837-3908666DADA2}.Release|Any CPU.Build.0 = Release|Any CPU
	EndGlobalSection
	GlobalSection(SolutionProperties) = preSolution
		HideSolutionNode = FALSE
	EndGlobalSection
EndGlobal
